{
  "originHash" : "3801f575d28cbb6c98dc1fcca7c802cca768d07d7e40c95d705bd9c53f0ab007",
  "pins" : [
    {
      "identity" : "fetchkit",
      "kind" : "remoteSourceControl",
      "location" : "https://github.com/blastum/FetchKit.git",
      "state" : {
        "branch" : "master",
        "revision" : "f24d77f0bdc20c2171904a4c9fa42ab4222642f6"
      }
    }
  ],
  "version" : 3
}
